{
  "nodes": {
    "diagonal-b6": {
      "inputs": {
        "flake-utils": "flake-utils",
        "gdalNixpkgs": "gdalNixpkgs",
        "goNixpkgs": "goNixpkgs",
        "gomod2nix": "gomod2nix",
        "nixpkgs": "nixpkgs",
        "pnpmNixpkgs": "pnpmNixpkgs",
        "pyproject-nix": "pyproject-nix",
        "treefmt-nix": "treefmt-nix_2"
      },
      "locked": {
        "lastModified": 1732633395,
        "narHash": "sha256-xpcBTVjWUlEN526pTjnjoSTeAZ/HWOGgEcT0NKtYoV0=",
        "owner": "diagonalworks",
        "repo": "diagonal-b6",
        "rev": "5191031408e3b13aa72caf87d096bbc692f781a3",
        "type": "github"
      },
      "original": {
        "owner": "diagonalworks",
        "repo": "diagonal-b6",
        "type": "github"
      }
    },
    "flake-utils": {
      "inputs": {
        "systems": "systems"
      },
      "locked": {
        "lastModified": 1726560853,
        "narHash": "sha256-X6rJYSESBVr3hBoH0WbKE5KvhPU5bloyZ2L4K60/fPQ=",
        "owner": "numtide",
        "repo": "flake-utils",
        "rev": "c1dfcf08411b08f6b8615f7d8971a2bfa81d5e8a",
        "type": "github"
      },
      "original": {
        "owner": "numtide",
        "repo": "flake-utils",
        "type": "github"
      }
    },
    "flake-utils_2": {
      "inputs": {
        "systems": "systems_2"
      },
      "locked": {
        "lastModified": 1694529238,
        "narHash": "sha256-zsNZZGTGnMOf9YpHKJqMSsa0dXbfmxeoJ7xHlrt+xmY=",
        "owner": "numtide",
        "repo": "flake-utils",
        "rev": "ff7b65b44d01cf9ba6a71320833626af21126384",
        "type": "github"
      },
      "original": {
        "owner": "numtide",
        "repo": "flake-utils",
        "type": "github"
      }
    },
    "flake-utils_3": {
      "inputs": {
        "systems": "systems_3"
      },
      "locked": {
        "lastModified": 1731533236,
        "narHash": "sha256-l0KFg5HjrsfsO/JpG+r7fRrqm12kzFHyUHqHCVpMMbI=",
        "owner": "numtide",
        "repo": "flake-utils",
        "rev": "11707dc2f618dd54ca8739b309ec4fc024de578b",
        "type": "github"
      },
      "original": {
        "owner": "numtide",
        "repo": "flake-utils",
        "type": "github"
      }
    },
    "gdalNixpkgs": {
      "locked": {
        "lastModified": 1692133479,
        "narHash": "sha256-cWStmnlVelapObXDpOQVpXPmX2UkrEzriXW3InqG70g=",
        "owner": "NixOS",
        "repo": "nixpkgs",
        "rev": "a93ab55b415e8c50f01cb6c9ebd705c458409d57",
        "type": "github"
      },
      "original": {
        "owner": "NixOS",
        "repo": "nixpkgs",
        "rev": "a93ab55b415e8c50f01cb6c9ebd705c458409d57",
        "type": "github"
      }
    },
    "goNixpkgs": {
      "locked": {
        "lastModified": 1729181673,
        "narHash": "sha256-LDiPhQ3l+fBjRATNtnuDZsBS7hqoBtPkKBkhpoBHv3I=",
        "owner": "NixOS",
        "repo": "nixpkgs",
        "rev": "4eb33fe664af7b41a4c446f87d20c9a0a6321fa3",
        "type": "github"
      },
      "original": {
        "owner": "NixOS",
        "ref": "nixos-24.05",
        "repo": "nixpkgs",
        "type": "github"
      }
    },
    "gomod2nix": {
      "inputs": {
        "flake-utils": "flake-utils_2",
        "nixpkgs": [
          "diagonal-b6",
          "goNixpkgs"
        ]
      },
      "locked": {
        "lastModified": 1728509152,
        "narHash": "sha256-tQo1rg3TlwgyI8eHnLvZSlQx9d/o2Rb4oF16TfaTOw0=",
        "owner": "nix-community",
        "repo": "gomod2nix",
        "rev": "d5547e530464c562324f171006fc8f639aa01c9f",
        "type": "github"
      },
      "original": {
        "owner": "nix-community",
        "repo": "gomod2nix",
        "type": "github"
      }
    },
    "lix-unit": {
      "inputs": {
        "mdbook-nixdoc": [
          "diagonal-b6",
          "pyproject-nix",
          "mdbook-nixdoc"
        ],
        "nix-github-actions": [
          "diagonal-b6",
          "pyproject-nix",
          "nix-github-actions"
        ],
        "nixpkgs": [
          "diagonal-b6",
          "pyproject-nix",
          "nixpkgs"
        ],
        "treefmt-nix": [
          "diagonal-b6",
          "pyproject-nix",
          "treefmt-nix"
        ]
      },
      "locked": {
        "lastModified": 1727322567,
        "narHash": "sha256-scZo6AyJTxTK9wYW0HmWDzLxVxOoFr7/XkIVJCmmOe4=",
        "owner": "adisbladis",
        "repo": "lix-unit",
        "rev": "59c489dbc5b27a83fadc94fde2c2b69abb4c0e80",
        "type": "github"
      },
      "original": {
        "owner": "adisbladis",
        "repo": "lix-unit",
        "type": "github"
      }
    },
    "mdbook-nixdoc": {
      "inputs": {
        "nix-github-actions": [
          "diagonal-b6",
          "pyproject-nix",
          "nix-github-actions"
        ],
        "nixpkgs": [
          "diagonal-b6",
          "pyproject-nix",
          "nixpkgs"
        ]
      },
      "locked": {
        "lastModified": 1708395692,
        "narHash": "sha256-smf0VmxGbjJDZqKvxxG3ZVqubgbVwAWG26wPo+BT/A0=",
        "owner": "adisbladis",
        "repo": "mdbook-nixdoc",
        "rev": "d6a71b114b9221c0b4f20d31b81766d072cc26be",
        "type": "github"
      },
      "original": {
        "owner": "adisbladis",
        "repo": "mdbook-nixdoc",
        "type": "github"
      }
    },
    "nix-github-actions": {
      "inputs": {
        "nixpkgs": [
          "diagonal-b6",
          "pyproject-nix",
          "nixpkgs"
        ]
      },
      "locked": {
        "lastModified": 1720066371,
        "narHash": "sha256-uPlLYH2S0ACj0IcgaK9Lsf4spmJoGejR9DotXiXSBZQ=",
        "owner": "nix-community",
        "repo": "nix-github-actions",
        "rev": "622f829f5fe69310a866c8a6cd07e747c44ef820",
        "type": "github"
      },
      "original": {
        "owner": "nix-community",
        "repo": "nix-github-actions",
        "type": "github"
      }
    },
    "nixpkgs": {
      "locked": {
        "lastModified": 1732350895,
        "narHash": "sha256-GcOQbOgmwlsRhpLGSwZJwLbo3pu9ochMETuRSS1xpz4=",
        "owner": "NixOS",
        "repo": "nixpkgs",
        "rev": "0c582677378f2d9ffcb01490af2f2c678dcb29d3",
        "type": "github"
      },
      "original": {
        "owner": "NixOS",
        "ref": "nixos-24.11",
        "repo": "nixpkgs",
        "type": "github"
      }
    },
    "nixpkgs_2": {
      "locked": {
        "lastModified": 1726871744,
        "narHash": "sha256-V5LpfdHyQkUF7RfOaDPrZDP+oqz88lTJrMT1+stXNwo=",
        "owner": "nixos",
        "repo": "nixpkgs",
        "rev": "a1d92660c6b3b7c26fb883500a80ea9d33321be2",
        "type": "github"
      },
      "original": {
        "owner": "nixos",
        "ref": "nixpkgs-unstable",
        "repo": "nixpkgs",
        "type": "github"
      }
    },
    "nixpkgs_3": {
      "locked": {
        "lastModified": 1732350895,
        "narHash": "sha256-GcOQbOgmwlsRhpLGSwZJwLbo3pu9ochMETuRSS1xpz4=",
        "owner": "NixOS",
        "repo": "nixpkgs",
        "rev": "0c582677378f2d9ffcb01490af2f2c678dcb29d3",
        "type": "github"
      },
      "original": {
        "owner": "NixOS",
        "ref": "nixos-24.11",
        "repo": "nixpkgs",
        "type": "github"
      }
    },
    "pnpmNixpkgs": {
      "locked": {
        "lastModified": 1731797254,
        "narHash": "sha256-df3dJApLPhd11AlueuoN0Q4fHo/hagP75LlM5K1sz9g=",
        "owner": "NixOS",
        "repo": "nixpkgs",
        "rev": "e8c38b73aeb218e27163376a2d617e61a2ad9b59",
        "type": "github"
      },
      "original": {
        "owner": "NixOS",
        "ref": "nixos-24.05",
        "repo": "nixpkgs",
        "type": "github"
      }
    },
    "pyproject-nix": {
      "inputs": {
        "lix-unit": "lix-unit",
        "mdbook-nixdoc": "mdbook-nixdoc",
        "nix-github-actions": "nix-github-actions",
        "nixpkgs": [
          "diagonal-b6",
          "nixpkgs"
        ],
        "treefmt-nix": "treefmt-nix"
      },
      "locked": {
        "lastModified": 1729207914,
        "narHash": "sha256-98QV7+3okYxhCg8QEovV+iFHZ7mYquCVuzLdWrf//Ko=",
        "owner": "nix-community",
        "repo": "pyproject.nix",
        "rev": "76ae89817a8d0765b392a559962ae5672c4b7d53",
        "type": "github"
      },
      "original": {
        "owner": "nix-community",
        "repo": "pyproject.nix",
        "type": "github"
      }
    },
    "root": {
      "inputs": {
        "diagonal-b6": "diagonal-b6",
        "flake-utils": "flake-utils_3",
        "nixpkgs": "nixpkgs_3"
      }
    },
    "systems": {
      "locked": {
        "lastModified": 1681028828,
        "narHash": "sha256-Vy1rq5AaRuLzOxct8nz4T6wlgyUR7zLU309k9mBC768=",
        "owner": "nix-systems",
        "repo": "default",
        "rev": "da67096a3b9bf56a91d16901293e51ba5b49a27e",
        "type": "github"
      },
      "original": {
        "owner": "nix-systems",
        "repo": "default",
        "type": "github"
      }
    },
    "systems_2": {
      "locked": {
        "lastModified": 1681028828,
        "narHash": "sha256-Vy1rq5AaRuLzOxct8nz4T6wlgyUR7zLU309k9mBC768=",
        "owner": "nix-systems",
        "repo": "default",
        "rev": "da67096a3b9bf56a91d16901293e51ba5b49a27e",
        "type": "github"
      },
      "original": {
        "owner": "nix-systems",
        "repo": "default",
        "type": "github"
      }
    },
    "systems_3": {
      "locked": {
        "lastModified": 1681028828,
        "narHash": "sha256-Vy1rq5AaRuLzOxct8nz4T6wlgyUR7zLU309k9mBC768=",
        "owner": "nix-systems",
        "repo": "default",
        "rev": "da67096a3b9bf56a91d16901293e51ba5b49a27e",
        "type": "github"
      },
      "original": {
        "owner": "nix-systems",
        "repo": "default",
        "type": "github"
      }
    },
    "treefmt-nix": {
      "inputs": {
        "nixpkgs": [
          "diagonal-b6",
          "pyproject-nix",
          "nixpkgs"
        ]
      },
      "locked": {
        "lastModified": 1727252110,
        "narHash": "sha256-3O7RWiXpvqBcCl84Mvqa8dXudZ1Bol1ubNdSmQt7nF4=",
        "owner": "numtide",
        "repo": "treefmt-nix",
        "rev": "1bff2ba6ec22bc90e9ad3f7e94cca0d37870afa3",
        "type": "github"
      },
      "original": {
        "owner": "numtide",
        "repo": "treefmt-nix",
        "type": "github"
      }
    },
    "treefmt-nix_2": {
      "inputs": {
        "nixpkgs": "nixpkgs_2"
      },
      "locked": {
        "lastModified": 1729077719,
        "narHash": "sha256-zayHqZO9gA1U85c4CPvVSnLV8/cBgc2yVrSKWaKeBUs=",
        "owner": "numtide",
        "repo": "treefmt-nix",
        "rev": "5307ba60125bb024d7e52d71d582eafd511f3fee",
        "type": "github"
      },
      "original": {
        "owner": "numtide",
        "repo": "treefmt-nix",
        "type": "github"
      }
    }
  },
  "root": "root",
  "version": 7
}
